
Microsoft Visual Studio Solution File, Format Version 12.00
# Visual Studio 2012
Project("{FAE04EC0-301F-11D3-BF4B-00C04F79EFBC}") = "Naxam.BrainTree.BrowserSwitch.Droid", "Naxam.BrainTree.BrowserSwitch.Droid\Naxam.BrainTree.BrowserSwitch.Droid.csproj", "{DD18629A-C7DF-45A2-AD35-D7C06B29E72A}"
EndProject
Global
	GlobalSection(SolutionConfigurationPlatforms) = preSolution
		Debug|Any CPU = Debug|Any CPU
		Release|Any CPU = Release|Any CPU
	EndGlobalSection
	GlobalSection(ProjectConfigurationPlatforms) = postSolution
		{DD18629A-C7DF-45A2-AD35-D7C06B29E72A}.Debug|Any CPU.ActiveCfg = Debug|Any CPU
		{DD18629A-C7DF-45A2-AD35-D7C06B29E72A}.Debug|Any CPU.Build.0 = Debug|Any CPU
		{DD18629A-C7DF-45A2-AD35-D7C06B29E72A}.Release|Any CPU.ActiveCfg = Release|Any CPU
		{DD18629A-C7DF-45A2-AD35-D7C06B29E72A}.Release|Any CPU.Build.0 = Release|Any CPU
	EndGlobalSection
EndGlobal
